# This file is autogenerated, do not edit; changes may be undone by the next 'dep ensure'.


[[projects]]
  branch = "master"
  name = "github.com/chasex/redis-go-cluster"
  packages = ["."]
  revision = "222d81891f1d3fa7cf8b5655020352c3e5b4ec0f"
  source = "github.com/chasex/redis-go-cluster"

[[projects]]
  name = "github.com/emirpasic/gods"
  packages = [
    "containers",
    "lists",
    "lists/arraylist",
    "utils"
  ]
  revision = "f6c17b524822278a87e3b3bd809fec33b51f5b46"
  version = "v1.9.0"

[[projects]]
  branch = "master"
  name = "github.com/garyburd/redigo"
  packages = [
    "internal",
    "redis"
  ]
  revision = "569eae59ada904ea8db7a225c2b47165af08735a"

[solve-meta]
  analyzer-name = "dep"
  analyzer-version = 1
  inputs-digest = "32be76e5144cef11c85200b616891c9dbddfc9f3de36de6a345d82802bf574b9"
  solver-name = "gps-cdcl"
  solver-version = 1
