# This file is autogenerated, do not edit; changes may be undone by the next 'dep ensure'.


[[projects]]
  name = "github.com/BurntSushi/toml"
  packages = ["."]
  revision = "b26d9c308763d68093482582cea63d69be07a0f0"
  version = "v0.3.0"

[[projects]]
  name = "github.com/CodisLabs/codis"
  packages = [
    "pkg/utils/assert",
    "pkg/utils/errors",
    "pkg/utils/log",
    "pkg/utils/math2",
    "pkg/utils/sync2/atomic2",
    "pkg/utils/trace"
  ]
  revision = "9fde2809cca131e3da1a7e0920ea151029301fb4"
  version = "3.2.2"

[[projects]]
  name = "github.com/docopt/docopt-go"
  packages = ["."]
  revision = "784ddc588536785e7299f7272f39101f7faccc3f"
  version = "0.6.2"

[[projects]]
  name = "github.com/garyburd/redigo"
  packages = [
    "internal",
    "redis"
  ]
  revision = "a69d19351219b6dd56f274f96d85a7014a2ec34e"
  version = "v1.6.0"

[[projects]]
  name = "github.com/spinlock/jemalloc-go"
  packages = ["."]
  revision = "8b985c7ab89f3f0388caf49bbbaa6a156a9175b5"
  version = "4.5.0"

[[projects]]
  branch = "master"
  name = "golang.org/x/net"
  packages = ["context"]
  revision = "d11bb6cd8e3c4e60239c9cb20ef68586d74500d0"

[solve-meta]
  analyzer-name = "dep"
  analyzer-version = 1
  inputs-digest = "3974d70b10d0a44fa9c11dd49c744432f4223c4bac6cf99339960408c4c5fb48"
  solver-name = "gps-cdcl"
  solver-version = 1
